// !$*UTF8*$!
{
	archiveVersion = 1;
	classes = {
	};
	objectVersion = 77;
	objects = {

/* Begin PBXBuildFile section */
		4F06BBDF2DE45ACC00BE88A9 /* MacroExpress in Frameworks */ = {isa = PBXBuildFile; productRef = 4F06BBDE2DE45ACC00BE88A9 /* MacroExpress */; };
		4F3AC1FC2DDB23FD00D951C7 /* ColorfulX in Frameworks */ = {isa = PBXBuildFile; productRef = 4F3AC1FB2DDB23FD00D951C7 /* ColorfulX */; };
		4F5AC30F2DDEE8A000CCC5A9 /* public in Resources */ = {isa = PBXBuildFile; fileRef = 4F5AC30E2DDEE8A000CCC5A9 /* public */; };
		4F5AC3112DDEE8AC00CCC5A9 /* views in Resources */ = {isa = PBXBuildFile; fileRef = 4F5AC3102DDEE8AC00CCC5A9 /* views */; };
		4F617C672DDC4AF8000F5A92 /* WidgetKit.framework in Frameworks */ = {isa = PBXBuildFile; fileRef = 4F617C302DDC2C1B000F5A92 /* WidgetKit.framework */; };
		4F617C682DDC4AF8000F5A92 /* SwiftUI.framework in Frameworks */ = {isa = PBXBuildFile; fileRef = 4F617C322DDC2C1B000F5A92 /* SwiftUI.framework */; };
		4F617C752DDC4AF9000F5A92 /* RetroActivityWidgetExtension.appex in Embed Foundation Extensions */ = {isa = PBXBuildFile; fileRef = 4F617C662DDC4AF7000F5A92 /* RetroActivityWidgetExtension.appex */; settings = {ATTRIBUTES = (RemoveHeadersOnCopy, ); }; };
		4F617C842DDD9758000F5A92 /* CocoaAsyncSocket in Frameworks */ = {isa = PBXBuildFile; productRef = 4F617C832DDD9758000F5A92 /* CocoaAsyncSocket */; };
/* End PBXBuildFile section */

/* Begin PBXContainerItemProxy section */
		4F617C732DDC4AF9000F5A92 /* PBXContainerItemProxy */ = {
			isa = PBXContainerItemProxy;
			containerPortal = 4FD240E32DD48528007F19AF /* Project object */;
			proxyType = 1;
			remoteGlobalIDString = 4F617C652DDC4AF7000F5A92;
			remoteInfo = RetroActivityWidgetExtension;
		};
/* End PBXContainerItemProxy section */

/* Begin PBXCopyFilesBuildPhase section */
		4F617C462DDC2C1C000F5A92 /* Embed Foundation Extensions */ = {
			isa = PBXCopyFilesBuildPhase;
			buildActionMask = 2147483647;
			dstPath = "";
			dstSubfolderSpec = 13;
			files = (
				4F617C752DDC4AF9000F5A92 /* RetroActivityWidgetExtension.appex in Embed Foundation Extensions */,
			);
			name = "Embed Foundation Extensions";
			runOnlyForDeploymentPostprocessing = 0;
		};
/* End PBXCopyFilesBuildPhase section */

/* Begin PBXFileReference section */
		4F5AC30E2DDEE8A000CCC5A9 /* public */ = {isa = PBXFileReference; lastKnownFileType = folder; path = public; sourceTree = "<group>"; };
		4F5AC3102DDEE8AC00CCC5A9 /* views */ = {isa = PBXFileReference; lastKnownFileType = folder; path = views; sourceTree = "<group>"; };
		4F617C302DDC2C1B000F5A92 /* WidgetKit.framework */ = {isa = PBXFileReference; lastKnownFileType = wrapper.framework; name = WidgetKit.framework; path = /System/Library/Frameworks/WidgetKit.framework; sourceTree = "<absolute>"; };
		4F617C322DDC2C1B000F5A92 /* SwiftUI.framework */ = {isa = PBXFileReference; lastKnownFileType = wrapper.framework; name = SwiftUI.framework; path = /System/Library/Frameworks/SwiftUI.framework; sourceTree = "<absolute>"; };
		4F617C662DDC4AF7000F5A92 /* RetroActivityWidgetExtension.appex */ = {isa = PBXFileReference; explicitFileType = "wrapper.app-extension"; includeInIndex = 0; path = RetroActivityWidgetExtension.appex; sourceTree = BUILT_PRODUCTS_DIR; };
		4FD240EB2DD48528007F19AF /* RetroTransfer.app */ = {isa = PBXFileReference; explicitFileType = wrapper.application; includeInIndex = 0; path = RetroTransfer.app; sourceTree = BUILT_PRODUCTS_DIR; };
/* End PBXFileReference section */

/* Begin PBXFileSystemSynchronizedBuildFileExceptionSet section */
		4F617C792DDC4AF9000F5A92 /* Exceptions for "RetroActivityWidget" folder in "RetroActivityWidgetExtension" target */ = {
			isa = PBXFileSystemSynchronizedBuildFileExceptionSet;
			membershipExceptions = (
				Info.plist,
			);
			target = 4F617C652DDC4AF7000F5A92 /* RetroActivityWidgetExtension */;
		};
		4F617C7B2DDC4CE7000F5A92 /* Exceptions for "RetroTransfer" folder in "RetroActivityWidgetExtension" target */ = {
			isa = PBXFileSystemSynchronizedBuildFileExceptionSet;
			membershipExceptions = (
				Other/Localizable.xcstrings,
				Plus/ServerLiveActivity.swift,
			);
			target = 4F617C652DDC4AF7000F5A92 /* RetroActivityWidgetExtension */;
		};
		4FD241022DD486F1007F19AF /* Exceptions for "RetroTransfer" folder in "RetroTransfer" target */ = {
			isa = PBXFileSystemSynchronizedBuildFileExceptionSet;
			membershipExceptions = (
				Other/Info.plist,
			);
			target = 4FD240EA2DD48528007F19AF /* RetroTransfer */;
		};
/* End PBXFileSystemSynchronizedBuildFileExceptionSet section */

/* Begin PBXFileSystemSynchronizedRootGroup section */
		4F617C692DDC4AF8000F5A92 /* RetroActivityWidget */ = {
			isa = PBXFileSystemSynchronizedRootGroup;
			exceptions = (
				4F617C792DDC4AF9000F5A92 /* Exceptions for "RetroActivityWidget" folder in "RetroActivityWidgetExtension" target */,
			);
			path = RetroActivityWidget;
			sourceTree = "<group>";
		};
		4FD240ED2DD48528007F19AF /* RetroTransfer */ = {
			isa = PBXFileSystemSynchronizedRootGroup;
			exceptions = (
				4FD241022DD486F1007F19AF /* Exceptions for "RetroTransfer" folder in "RetroTransfer" target */,
				4F617C7B2DDC4CE7000F5A92 /* Exceptions for "RetroTransfer" folder in "RetroActivityWidgetExtension" target */,
			);
			path = RetroTransfer;
			sourceTree = "<group>";
		};
/* End PBXFileSystemSynchronizedRootGroup section */

/* Begin PBXFrameworksBuildPhase section */
		4F617C632DDC4AF7000F5A92 /* Frameworks */ = {
			isa = PBXFrameworksBuildPhase;
			buildActionMask = 2147483647;
			files = (
				4F617C682DDC4AF8000F5A92 /* SwiftUI.framework in Frameworks */,
				4F617C672DDC4AF8000F5A92 /* WidgetKit.framework in Frameworks */,
			);
			runOnlyForDeploymentPostprocessing = 0;
		};
		4FD240E82DD48528007F19AF /* Frameworks */ = {
			isa = PBXFrameworksBuildPhase;
			buildActionMask = 2147483647;
			files = (
				4F3AC1FC2DDB23FD00D951C7 /* ColorfulX in Frameworks */,
				4F06BBDF2DE45ACC00BE88A9 /* MacroExpress in Frameworks */,
				4F617C842DDD9758000F5A92 /* CocoaAsyncSocket in Frameworks */,
			);
			runOnlyForDeploymentPostprocessing = 0;
		};
/* End PBXFrameworksBuildPhase section */

/* Begin PBXGroup section */
		4F617C2F2DDC2C1B000F5A92 /* Frameworks */ = {
			isa = PBXGroup;
			children = (
				4F617C302DDC2C1B000F5A92 /* WidgetKit.framework */,
				4F617C322DDC2C1B000F5A92 /* SwiftUI.framework */,
			);
			name = Frameworks;
			sourceTree = "<group>";
		};
		4FD240E22DD48528007F19AF = {
			isa = PBXGroup;
			children = (
				4F5AC3102DDEE8AC00CCC5A9 /* views */,
				4F5AC30E2DDEE8A000CCC5A9 /* public */,
				4FD240ED2DD48528007F19AF /* RetroTransfer */,
				4F617C692DDC4AF8000F5A92 /* RetroActivityWidget */,
				4F617C2F2DDC2C1B000F5A92 /* Frameworks */,
				4FD240EC2DD48528007F19AF /* Products */,
			);
			sourceTree = "<group>";
		};
		4FD240EC2DD48528007F19AF /* Products */ = {
			isa = PBXGroup;
			children = (
				4FD240EB2DD48528007F19AF /* RetroTransfer.app */,
				4F617C662DDC4AF7000F5A92 /* RetroActivityWidgetExtension.appex */,
			);
			name = Products;
			sourceTree = "<group>";
		};
/* End PBXGroup section */

/* Begin PBXNativeTarget section */
		4F617C652DDC4AF7000F5A92 /* RetroActivityWidgetExtension */ = {
			isa = PBXNativeTarget;
			buildConfigurationList = 4F617C762DDC4AF9000F5A92 /* Build configuration list for PBXNativeTarget "RetroActivityWidgetExtension" */;
			buildPhases = (
				4F617C622DDC4AF7000F5A92 /* Sources */,
				4F617C632DDC4AF7000F5A92 /* Frameworks */,
				4F617C642DDC4AF7000F5A92 /* Resources */,
			);
			buildRules = (
			);
			dependencies = (
			);
			fileSystemSynchronizedGroups = (
				4F617C692DDC4AF8000F5A92 /* RetroActivityWidget */,
			);
			name = RetroActivityWidgetExtension;
			packageProductDependencies = (
			);
			productName = RetroActivityWidgetExtension;
			productReference = 4F617C662DDC4AF7000F5A92 /* RetroActivityWidgetExtension.appex */;
			productType = "com.apple.product-type.app-extension";
		};
		4FD240EA2DD48528007F19AF /* RetroTransfer */ = {
			isa = PBXNativeTarget;
			buildConfigurationList = 4FD240F62DD4852A007F19AF /* Build configuration list for PBXNativeTarget "RetroTransfer" */;
			buildPhases = (
				4FD240E72DD48528007F19AF /* Sources */,
				4FD240E82DD48528007F19AF /* Frameworks */,
				4FD240E92DD48528007F19AF /* Resources */,
				4F617C462DDC2C1C000F5A92 /* Embed Foundation Extensions */,
			);
			buildRules = (
			);
			dependencies = (
				4F617C742DDC4AF9000F5A92 /* PBXTargetDependency */,
			);
			fileSystemSynchronizedGroups = (
				4FD240ED2DD48528007F19AF /* RetroTransfer */,
			);
			name = RetroTransfer;
			packageProductDependencies = (
				4F3AC1FB2DDB23FD00D951C7 /* ColorfulX */,
				4F617C832DDD9758000F5A92 /* CocoaAsyncSocket */,
				4F06BBDE2DE45ACC00BE88A9 /* MacroExpress */,
			);
			productName = HttpServer;
			productReference = 4FD240EB2DD48528007F19AF /* RetroTransfer.app */;
			productType = "com.apple.product-type.application";
		};
/* End PBXNativeTarget section */

/* Begin PBXProject section */
		4FD240E32DD48528007F19AF /* Project object */ = {
			isa = PBXProject;
			attributes = {
				BuildIndependentTargetsInParallel = 1;
				LastSwiftUpdateCheck = 1630;
				LastUpgradeCheck = 1630;
				TargetAttributes = {
					4F617C652DDC4AF7000F5A92 = {
						CreatedOnToolsVersion = 16.3;
					};
					4FD240EA2DD48528007F19AF = {
						CreatedOnToolsVersion = 16.3;
					};
				};
			};
			buildConfigurationList = 4FD240E62DD48528007F19AF /* Build configuration list for PBXProject "RetroTransfer" */;
			developmentRegion = en;
			hasScannedForEncodings = 0;
			knownRegions = (
				en,
				Base,
			);
			mainGroup = 4FD240E22DD48528007F19AF;
			minimizedProjectReferenceProxies = 1;
			packageReferences = (
				4F3AC1FA2DDB23FD00D951C7 /* XCRemoteSwiftPackageReference "ColorfulX" */,
				4F617C822DDD9758000F5A92 /* XCRemoteSwiftPackageReference "CocoaAsyncSocket" */,
				4F06BBDD2DE45ACC00BE88A9 /* XCRemoteSwiftPackageReference "MacroExpress" */,
			);
			preferredProjectObjectVersion = 77;
			productRefGroup = 4FD240EC2DD48528007F19AF /* Products */;
			projectDirPath = "";
			projectRoot = "";
			targets = (
				4FD240EA2DD48528007F19AF /* RetroTransfer */,
				4F617C652DDC4AF7000F5A92 /* RetroActivityWidgetExtension */,
			);
		};
/* End PBXProject section */

/* Begin PBXResourcesBuildPhase section */
		4F617C642DDC4AF7000F5A92 /* Resources */ = {
			isa = PBXResourcesBuildPhase;
			buildActionMask = 2147483647;
			files = (
			);
			runOnlyForDeploymentPostprocessing = 0;
		};
		4FD240E92DD48528007F19AF /* Resources */ = {
			isa = PBXResourcesBuildPhase;
			buildActionMask = 2147483647;
			files = (
				4F5AC3112DDEE8AC00CCC5A9 /* views in Resources */,
				4F5AC30F2DDEE8A000CCC5A9 /* public in Resources */,
			);
			runOnlyForDeploymentPostprocessing = 0;
		};
/* End PBXResourcesBuildPhase section */

/* Begin PBXSourcesBuildPhase section */
		4F617C622DDC4AF7000F5A92 /* Sources */ = {
			isa = PBXSourcesBuildPhase;
			buildActionMask = 2147483647;
			files = (
			);
			runOnlyForDeploymentPostprocessing = 0;
		};
		4FD240E72DD48528007F19AF /* Sources */ = {
			isa = PBXSourcesBuildPhase;
			buildActionMask = 2147483647;
			files = (
			);
			runOnlyForDeploymentPostprocessing = 0;
		};
/* End PBXSourcesBuildPhase section */

/* Begin PBXTargetDependency section */
		4F617C742DDC4AF9000F5A92 /* PBXTargetDependency */ = {
			isa = PBXTargetDependency;
			target = 4F617C652DDC4AF7000F5A92 /* RetroActivityWidgetExtension */;
			targetProxy = 4F617C732DDC4AF9000F5A92 /* PBXContainerItemProxy */;
		};
/* End PBXTargetDependency section */

/* Begin XCBuildConfiguration section */
		4F617C772DDC4AF9000F5A92 /* Debug */ = {
			isa = XCBuildConfiguration;
			buildSettings = {
				ASSETCATALOG_COMPILER_GLOBAL_ACCENT_COLOR_NAME = AccentColor;
				ASSETCATALOG_COMPILER_WIDGET_BACKGROUND_COLOR_NAME = WidgetBackground;
				CODE_SIGN_STYLE = Automatic;
				CURRENT_PROJECT_VERSION = 1;
				DEVELOPMENT_TEAM = HZG263D38Y;
				GENERATE_INFOPLIST_FILE = YES;
				INFOPLIST_FILE = RetroActivityWidget/Info.plist;
				INFOPLIST_KEY_CFBundleDisplayName = RetroActivityWidget;
				INFOPLIST_KEY_NSHumanReadableCopyright = "";
				LD_RUNPATH_SEARCH_PATHS = (
					"$(inherited)",
					"@executable_path/Frameworks",
					"@executable_path/../../Frameworks",
				);
				MARKETING_VERSION = 1.0;
				PRODUCT_BUNDLE_IDENTIFIER = com.idog.retrotransfer.RetroActivityWidget;
				PRODUCT_NAME = "$(TARGET_NAME)";
				SKIP_INSTALL = YES;
				SWIFT_EMIT_LOC_STRINGS = YES;
				SWIFT_VERSION = 5.0;
				TARGETED_DEVICE_FAMILY = "1,2";
			};
			name = Debug;
		};
		4F617C782DDC4AF9000F5A92 /* Release */ = {
			isa = XCBuildConfiguration;
			buildSettings = {
				ASSETCATALOG_COMPILER_GLOBAL_ACCENT_COLOR_NAME = AccentColor;
				ASSETCATALOG_COMPILER_WIDGET_BACKGROUND_COLOR_NAME = WidgetBackground;
				CODE_SIGN_STYLE = Automatic;
				CURRENT_PROJECT_VERSION = 1;
				DEVELOPMENT_TEAM = HZG263D38Y;
				GENERATE_INFOPLIST_FILE = YES;
				INFOPLIST_FILE = RetroActivityWidget/Info.plist;
				INFOPLIST_KEY_CFBundleDisplayName = RetroActivityWidget;
				INFOPLIST_KEY_NSHumanReadableCopyright = "";
				LD_RUNPATH_SEARCH_PATHS = (
					"$(inherited)",
					"@executable_path/Frameworks",
					"@executable_path/../../Frameworks",
				);
				MARKETING_VERSION = 1.0;
				PRODUCT_BUNDLE_IDENTIFIER = com.idog.retrotransfer.RetroActivityWidget;
				PRODUCT_NAME = "$(TARGET_NAME)";
				SKIP_INSTALL = YES;
				SWIFT_EMIT_LOC_STRINGS = YES;
				SWIFT_VERSION = 5.0;
				TARGETED_DEVICE_FAMILY = "1,2";
			};
			name = Release;
		};
		4FD240F42DD4852A007F19AF /* Debug */ = {
			isa = XCBuildConfiguration;
			buildSettings = {
				ALWAYS_SEARCH_USER_PATHS = NO;
				ASSETCATALOG_COMPILER_GENERATE_SWIFT_ASSET_SYMBOL_EXTENSIONS = YES;
				CLANG_ANALYZER_NONNULL = YES;
				CLANG_ANALYZER_NUMBER_OBJECT_CONVERSION = YES_AGGRESSIVE;
				CLANG_CXX_LANGUAGE_STANDARD = "gnu++20";
				CLANG_ENABLE_MODULES = YES;
				CLANG_ENABLE_OBJC_ARC = YES;
				CLANG_ENABLE_OBJC_WEAK = YES;
				CLANG_WARN_BLOCK_CAPTURE_AUTORELEASING = YES;
				CLANG_WARN_BOOL_CONVERSION = YES;
				CLANG_WARN_COMMA = YES;
				CLANG_WARN_CONSTANT_CONVERSION = YES;
				CLANG_WARN_DEPRECATED_OBJC_IMPLEMENTATIONS = YES;
				CLANG_WARN_DIRECT_OBJC_ISA_USAGE = YES_ERROR;
				CLANG_WARN_DOCUMENTATION_COMMENTS = YES;
				CLANG_WARN_EMPTY_BODY = YES;
				CLANG_WARN_ENUM_CONVERSION = YES;
				CLANG_WARN_INFINITE_RECURSION = YES;
				CLANG_WARN_INT_CONVERSION = YES;
				CLANG_WARN_NON_LITERAL_NULL_CONVERSION = YES;
				CLANG_WARN_OBJC_IMPLICIT_RETAIN_SELF = YES;
				CLANG_WARN_OBJC_LITERAL_CONVERSION = YES;
				CLANG_WARN_OBJC_ROOT_CLASS = YES_ERROR;
				CLANG_WARN_QUOTED_INCLUDE_IN_FRAMEWORK_HEADER = YES;
				CLANG_WARN_RANGE_LOOP_ANALYSIS = YES;
				CLANG_WARN_STRICT_PROTOTYPES = YES;
				CLANG_WARN_SUSPICIOUS_MOVE = YES;
				CLANG_WARN_UNGUARDED_AVAILABILITY = YES_AGGRESSIVE;
				CLANG_WARN_UNREACHABLE_CODE = YES;
				CLANG_WARN__DUPLICATE_METHOD_MATCH = YES;
				COPY_PHASE_STRIP = NO;
				DEBUG_INFORMATION_FORMAT = dwarf;
				DEVELOPMENT_TEAM = 42X4872J7N;
				ENABLE_STRICT_OBJC_MSGSEND = YES;
				ENABLE_TESTABILITY = YES;
				ENABLE_USER_SCRIPT_SANDBOXING = YES;
				GCC_C_LANGUAGE_STANDARD = gnu17;
				GCC_DYNAMIC_NO_PIC = NO;
				GCC_NO_COMMON_BLOCKS = YES;
				GCC_OPTIMIZATION_LEVEL = 0;
				GCC_PREPROCESSOR_DEFINITIONS = (
					"DEBUG=1",
					"$(inherited)",
				);
				GCC_WARN_64_TO_32_BIT_CONVERSION = YES;
				GCC_WARN_ABOUT_RETURN_TYPE = YES_ERROR;
				GCC_WARN_UNDECLARED_SELECTOR = YES;
				GCC_WARN_UNINITIALIZED_AUTOS = YES_AGGRESSIVE;
				GCC_WARN_UNUSED_FUNCTION = YES;
				GCC_WARN_UNUSED_VARIABLE = YES;
				IPHONEOS_DEPLOYMENT_TARGET = 18.4;
				LOCALIZATION_PREFERS_STRING_CATALOGS = YES;
				MTL_ENABLE_DEBUG_INFO = INCLUDE_SOURCE;
				MTL_FAST_MATH = YES;
				ONLY_ACTIVE_ARCH = YES;
				SDKROOT = iphoneos;
				SWIFT_ACTIVE_COMPILATION_CONDITIONS = "DEBUG $(inherited)";
				SWIFT_EMIT_LOC_STRINGS = YES;
				SWIFT_OPTIMIZATION_LEVEL = "-Onone";
			};
			name = Debug;
		};
		4FD240F52DD4852A007F19AF /* Release */ = {
			isa = XCBuildConfiguration;
			buildSettings = {
				ALWAYS_SEARCH_USER_PATHS = NO;
				ASSETCATALOG_COMPILER_GENERATE_SWIFT_ASSET_SYMBOL_EXTENSIONS = YES;
				CLANG_ANALYZER_NONNULL = YES;
				CLANG_ANALYZER_NUMBER_OBJECT_CONVERSION = YES_AGGRESSIVE;
				CLANG_CXX_LANGUAGE_STANDARD = "gnu++20";
				CLANG_ENABLE_MODULES = YES;
				CLANG_ENABLE_OBJC_ARC = YES;
				CLANG_ENABLE_OBJC_WEAK = YES;
				CLANG_WARN_BLOCK_CAPTURE_AUTORELEASING = YES;
				CLANG_WARN_BOOL_CONVERSION = YES;
				CLANG_WARN_COMMA = YES;
				CLANG_WARN_CONSTANT_CONVERSION = YES;
				CLANG_WARN_DEPRECATED_OBJC_IMPLEMENTATIONS = YES;
				CLANG_WARN_DIRECT_OBJC_ISA_USAGE = YES_ERROR;
				CLANG_WARN_DOCUMENTATION_COMMENTS = YES;
				CLANG_WARN_EMPTY_BODY = YES;
				CLANG_WARN_ENUM_CONVERSION = YES;
				CLANG_WARN_INFINITE_RECURSION = YES;
				CLANG_WARN_INT_CONVERSION = YES;
				CLANG_WARN_NON_LITERAL_NULL_CONVERSION = YES;
				CLANG_WARN_OBJC_IMPLICIT_RETAIN_SELF = YES;
				CLANG_WARN_OBJC_LITERAL_CONVERSION = YES;
				CLANG_WARN_OBJC_ROOT_CLASS = YES_ERROR;
				CLANG_WARN_QUOTED_INCLUDE_IN_FRAMEWORK_HEADER = YES;
				CLANG_WARN_RANGE_LOOP_ANALYSIS = YES;
				CLANG_WARN_STRICT_PROTOTYPES = YES;
				CLANG_WARN_SUSPICIOUS_MOVE = YES;
				CLANG_WARN_UNGUARDED_AVAILABILITY = YES_AGGRESSIVE;
				CLANG_WARN_UNREACHABLE_CODE = YES;
				CLANG_WARN__DUPLICATE_METHOD_MATCH = YES;
				COPY_PHASE_STRIP = NO;
				DEBUG_INFORMATION_FORMAT = "dwarf-with-dsym";
				DEVELOPMENT_TEAM = 42X4872J7N;
				ENABLE_NS_ASSERTIONS = NO;
				ENABLE_STRICT_OBJC_MSGSEND = YES;
				ENABLE_USER_SCRIPT_SANDBOXING = YES;
				GCC_C_LANGUAGE_STANDARD = gnu17;
				GCC_NO_COMMON_BLOCKS = YES;
				GCC_WARN_64_TO_32_BIT_CONVERSION = YES;
				GCC_WARN_ABOUT_RETURN_TYPE = YES_ERROR;
				GCC_WARN_UNDECLARED_SELECTOR = YES;
				GCC_WARN_UNINITIALIZED_AUTOS = YES_AGGRESSIVE;
				GCC_WARN_UNUSED_FUNCTION = YES;
				GCC_WARN_UNUSED_VARIABLE = YES;
				IPHONEOS_DEPLOYMENT_TARGET = 18.4;
				LOCALIZATION_PREFERS_STRING_CATALOGS = YES;
				MTL_ENABLE_DEBUG_INFO = NO;
				MTL_FAST_MATH = YES;
				SDKROOT = iphoneos;
				SWIFT_COMPILATION_MODE = wholemodule;
				SWIFT_EMIT_LOC_STRINGS = YES;
				VALIDATE_PRODUCT = YES;
			};
			name = Release;
		};
		4FD240F72DD4852A007F19AF /* Debug */ = {
			isa = XCBuildConfiguration;
			buildSettings = {
				ASSETCATALOG_COMPILER_APPICON_NAME = AppIcon;
				ASSETCATALOG_COMPILER_GLOBAL_ACCENT_COLOR_NAME = AccentColor;
				CODE_SIGN_ENTITLEMENTS = RetroTransfer/RetroTransfer.entitlements;
				CODE_SIGN_STYLE = Automatic;
				CURRENT_PROJECT_VERSION = 1;
				DEVELOPMENT_TEAM = HZG263D38Y;
				ENABLE_PREVIEWS = YES;
				GENERATE_INFOPLIST_FILE = YES;
				INFOPLIST_FILE = RetroTransfer/Other/Info.plist;
				INFOPLIST_KEY_LSSupportsOpeningDocumentsInPlace = YES;
				INFOPLIST_KEY_NSLocalNetworkUsageDescription = "RetroTransfer需要访问您的本地网络以创建HTTP服务器。";
				INFOPLIST_KEY_NSSupportsLiveActivities = YES;
				INFOPLIST_KEY_NSSupportsLiveActivitiesFrequentUpdates = YES;
				INFOPLIST_KEY_UIApplicationSceneManifest_Generation = YES;
				INFOPLIST_KEY_UIApplicationSupportsIndirectInputEvents = YES;
				INFOPLIST_KEY_UILaunchScreen_Generation = YES;
				INFOPLIST_KEY_UISupportedInterfaceOrientations_iPad = "UIInterfaceOrientationPortrait UIInterfaceOrientationPortraitUpsideDown UIInterfaceOrientationLandscapeLeft UIInterfaceOrientationLandscapeRight";
				INFOPLIST_KEY_UISupportedInterfaceOrientations_iPhone = "UIInterfaceOrientationPortrait UIInterfaceOrientationLandscapeLeft UIInterfaceOrientationLandscapeRight";
				INFOPLIST_KEY_UISupportsDocumentBrowser = YES;
				IPHONEOS_DEPLOYMENT_TARGET = 16.0;
				LD_RUNPATH_SEARCH_PATHS = (
					"$(inherited)",
					"@executable_path/Frameworks",
				);
				MARKETING_VERSION = 1.0;
				PRODUCT_BUNDLE_IDENTIFIER = com.idog.retrotransfer;
				PRODUCT_NAME = "$(TARGET_NAME)";
				SWIFT_EMIT_LOC_STRINGS = YES;
				SWIFT_VERSION = 5.0;
				TARGETED_DEVICE_FAMILY = "1,2";
			};
			name = Debug;
		};
		4FD240F82DD4852A007F19AF /* Release */ = {
			isa = XCBuildConfiguration;
			buildSettings = {
				ASSETCATALOG_COMPILER_APPICON_NAME = AppIcon;
				ASSETCATALOG_COMPILER_GLOBAL_ACCENT_COLOR_NAME = AccentColor;
				CODE_SIGN_ENTITLEMENTS = RetroTransfer/RetroTransfer.entitlements;
				CODE_SIGN_STYLE = Automatic;
				CURRENT_PROJECT_VERSION = 1;
				DEVELOPMENT_TEAM = HZG263D38Y;
				ENABLE_PREVIEWS = YES;
				GENERATE_INFOPLIST_FILE = YES;
				INFOPLIST_FILE = RetroTransfer/Other/Info.plist;
				INFOPLIST_KEY_LSSupportsOpeningDocumentsInPlace = YES;
				INFOPLIST_KEY_NSLocalNetworkUsageDescription = "RetroTransfer需要访问您的本地网络以创建HTTP服务器。";
				INFOPLIST_KEY_NSSupportsLiveActivities = YES;
				INFOPLIST_KEY_NSSupportsLiveActivitiesFrequentUpdates = YES;
				INFOPLIST_KEY_UIApplicationSceneManifest_Generation = YES;
				INFOPLIST_KEY_UIApplicationSupportsIndirectInputEvents = YES;
				INFOPLIST_KEY_UILaunchScreen_Generation = YES;
				INFOPLIST_KEY_UISupportedInterfaceOrientations_iPad = "UIInterfaceOrientationPortrait UIInterfaceOrientationPortraitUpsideDown UIInterfaceOrientationLandscapeLeft UIInterfaceOrientationLandscapeRight";
				INFOPLIST_KEY_UISupportedInterfaceOrientations_iPhone = "UIInterfaceOrientationPortrait UIInterfaceOrientationLandscapeLeft UIInterfaceOrientationLandscapeRight";
				INFOPLIST_KEY_UISupportsDocumentBrowser = YES;
				IPHONEOS_DEPLOYMENT_TARGET = 16.0;
				LD_RUNPATH_SEARCH_PATHS = (
					"$(inherited)",
					"@executable_path/Frameworks",
				);
				MARKETING_VERSION = 1.0;
				PRODUCT_BUNDLE_IDENTIFIER = com.idog.retrotransfer;
				PRODUCT_NAME = "$(TARGET_NAME)";
				SWIFT_EMIT_LOC_STRINGS = YES;
				SWIFT_VERSION = 5.0;
				TARGETED_DEVICE_FAMILY = "1,2";
			};
			name = Release;
		};
/* End XCBuildConfiguration section */

/* Begin XCConfigurationList section */
		4F617C762DDC4AF9000F5A92 /* Build configuration list for PBXNativeTarget "RetroActivityWidgetExtension" */ = {
			isa = XCConfigurationList;
			buildConfigurations = (
				4F617C772DDC4AF9000F5A92 /* Debug */,
				4F617C782DDC4AF9000F5A92 /* Release */,
			);
			defaultConfigurationIsVisible = 0;
			defaultConfigurationName = Release;
		};
		4FD240E62DD48528007F19AF /* Build configuration list for PBXProject "RetroTransfer" */ = {
			isa = XCConfigurationList;
			buildConfigurations = (
				4FD240F42DD4852A007F19AF /* Debug */,
				4FD240F52DD4852A007F19AF /* Release */,
			);
			defaultConfigurationIsVisible = 0;
			defaultConfigurationName = Release;
		};
		4FD240F62DD4852A007F19AF /* Build configuration list for PBXNativeTarget "RetroTransfer" */ = {
			isa = XCConfigurationList;
			buildConfigurations = (
				4FD240F72DD4852A007F19AF /* Debug */,
				4FD240F82DD4852A007F19AF /* Release */,
			);
			defaultConfigurationIsVisible = 0;
			defaultConfigurationName = Release;
		};
/* End XCConfigurationList section */

/* Begin XCRemoteSwiftPackageReference section */
		4F06BBDD2DE45ACC00BE88A9 /* XCRemoteSwiftPackageReference "MacroExpress" */ = {
			isa = XCRemoteSwiftPackageReference;
			repositoryURL = "https://github.com/Macro-swift/MacroExpress";
			requirement = {
				kind = upToNextMajorVersion;
				minimumVersion = 1.0.7;
			};
		};
		4F3AC1FA2DDB23FD00D951C7 /* XCRemoteSwiftPackageReference "ColorfulX" */ = {
			isa = XCRemoteSwiftPackageReference;
			repositoryURL = "https://github.com/Lakr233/ColorfulX";
			requirement = {
				kind = upToNextMajorVersion;
				minimumVersion = 5.5.5;
			};
		};
		4F617C822DDD9758000F5A92 /* XCRemoteSwiftPackageReference "CocoaAsyncSocket" */ = {
			isa = XCRemoteSwiftPackageReference;
			repositoryURL = "https://github.com/robbiehanson/CocoaAsyncSocket";
			requirement = {
				kind = upToNextMajorVersion;
				minimumVersion = 7.6.5;
			};
		};
/* End XCRemoteSwiftPackageReference section */

/* Begin XCSwiftPackageProductDependency section */
		4F06BBDE2DE45ACC00BE88A9 /* MacroExpress */ = {
			isa = XCSwiftPackageProductDependency;
			package = 4F06BBDD2DE45ACC00BE88A9 /* XCRemoteSwiftPackageReference "MacroExpress" */;
			productName = MacroExpress;
		};
		4F3AC1FB2DDB23FD00D951C7 /* ColorfulX */ = {
			isa = XCSwiftPackageProductDependency;
			package = 4F3AC1FA2DDB23FD00D951C7 /* XCRemoteSwiftPackageReference "ColorfulX" */;
			productName = ColorfulX;
		};
		4F617C832DDD9758000F5A92 /* CocoaAsyncSocket */ = {
			isa = XCSwiftPackageProductDependency;
			package = 4F617C822DDD9758000F5A92 /* XCRemoteSwiftPackageReference "CocoaAsyncSocket" */;
			productName = CocoaAsyncSocket;
		};
/* End XCSwiftPackageProductDependency section */
	};
	rootObject = 4FD240E32DD48528007F19AF /* Project object */;
}
